
Microsoft Visual Studio Solution File, Format Version 12.00
# Visual Studio Version 16
VisualStudioVersion = 16.0.30204.135
MinimumVisualStudioVersion = 10.0.40219.1
Project("{FAE04EC0-301F-11D3-BF4B-00C04F79EFBC}") = "ProyectoTallerAutos.Windows", "ProyectoTallerAutos.Windows\ProyectoTallerAutos.Windows.csproj", "{B13E6142-2455-4C3D-8446-05D2037A2621}"
EndProject
Project("{FAE04EC0-301F-11D3-BF4B-00C04F79EFBC}") = "ProyectoTallerAutos.Reportes", "ProyectoTallerAutos.Reportes\ProyectoTallerAutos.Reportes.csproj", "{032C2E10-F19E-43E4-82C2-2736791C7110}"
EndProject
Project("{FAE04EC0-301F-11D3-BF4B-00C04F79EFBC}") = "ProyectoTallerAutos.Servicios", "ProyectoTallerAutos.Servicios\ProyectoTallerAutos.Servicios.csproj", "{B0F04814-634D-45A0-8B4C-0275A0F99314}"
EndProject
Project("{FAE04EC0-301F-11D3-BF4B-00C04F79EFBC}") = "ProyectoTallerAutos.Entities", "ProyectoTallerAutos.Entidades\ProyectoTallerAutos.Entities.csproj", "{332BCC73-2DF9-430F-8448-2416DD111948}"
EndProject
Project("{FAE04EC0-301F-11D3-BF4B-00C04F79EFBC}") = "ProyectoTallerAutos.Datos", "ProyectoTallerAutos.Datos\ProyectoTallerAutos.Datos.csproj", "{23E17200-24AD-4A68-A237-7E7EFD0A4277}"
EndProject
Global
	GlobalSection(SolutionConfigurationPlatforms) = preSolution
		Debug|Any CPU = Debug|Any CPU
		Release|Any CPU = Release|Any CPU
	EndGlobalSection
	GlobalSection(ProjectConfigurationPlatforms) = postSolution
		{B13E6142-2455-4C3D-8446-05D2037A2621}.Debug|Any CPU.ActiveCfg = Debug|Any CPU
		{B13E6142-2455-4C3D-8446-05D2037A2621}.Debug|Any CPU.Build.0 = Debug|Any CPU
		{B13E6142-2455-4C3D-8446-05D2037A2621}.Release|Any CPU.ActiveCfg = Release|Any CPU
		{B13E6142-2455-4C3D-8446-05D2037A2621}.Release|Any CPU.Build.0 = Release|Any CPU
		{032C2E10-F19E-43E4-82C2-2736791C7110}.Debug|Any CPU.ActiveCfg = Debug|Any CPU
		{032C2E10-F19E-43E4-82C2-2736791C7110}.Debug|Any CPU.Build.0 = Debug|Any CPU
		{032C2E10-F19E-43E4-82C2-2736791C7110}.Release|Any CPU.ActiveCfg = Release|Any CPU
		{032C2E10-F19E-43E4-82C2-2736791C7110}.Release|Any CPU.Build.0 = Release|Any CPU
		{B0F04814-634D-45A0-8B4C-0275A0F99314}.Debug|Any CPU.ActiveCfg = Debug|Any CPU
		{B0F04814-634D-45A0-8B4C-0275A0F99314}.Debug|Any CPU.Build.0 = Debug|Any CPU
		{B0F04814-634D-45A0-8B4C-0275A0F99314}.Release|Any CPU.ActiveCfg = Release|Any CPU
		{B0F04814-634D-45A0-8B4C-0275A0F99314}.Release|Any CPU.Build.0 = Release|Any CPU
		{332BCC73-2DF9-430F-8448-2416DD111948}.Debug|Any CPU.ActiveCfg = Debug|Any CPU
		{332BCC73-2DF9-430F-8448-2416DD111948}.Debug|Any CPU.Build.0 = Debug|Any CPU
		{332BCC73-2DF9-430F-8448-2416DD111948}.Release|Any CPU.ActiveCfg = Release|Any CPU
		{332BCC73-2DF9-430F-8448-2416DD111948}.Release|Any CPU.Build.0 = Release|Any CPU
		{23E17200-24AD-4A68-A237-7E7EFD0A4277}.Debug|Any CPU.ActiveCfg = Debug|Any CPU
		{23E17200-24AD-4A68-A237-7E7EFD0A4277}.Debug|Any CPU.Build.0 = Debug|Any CPU
		{23E17200-24AD-4A68-A237-7E7EFD0A4277}.Release|Any CPU.ActiveCfg = Release|Any CPU
		{23E17200-24AD-4A68-A237-7E7EFD0A4277}.Release|Any CPU.Build.0 = Release|Any CPU
	EndGlobalSection
	GlobalSection(SolutionProperties) = preSolution
		HideSolutionNode = FALSE
	EndGlobalSection
	GlobalSection(ExtensibilityGlobals) = postSolution
		SolutionGuid = {F53AC0F0-A6C1-4AAD-A258-3DCB31F12A7A}
	EndGlobalSection
EndGlobal
